
Microsoft Visual Studio Solution File, Format Version 12.00
# Visual Studio Version 17
VisualStudioVersion = 17.3.32929.385
MinimumVisualStudioVersion = 10.0.40219.1
Project("{FAE04EC0-301F-11D3-BF4B-00C04F79EFBC}") = "EdukOS5", "EdukOS5\EdukOS5.csproj", "{F77903FC-FAFB-43CA-BB27-A4138E58E545}"
EndProject
Global
	GlobalSection(SolutionConfigurationPlatforms) = preSolution
		Debug|Any CPU = Debug|Any CPU
		Release|Any CPU = Release|Any CPU
	EndGlobalSection
	GlobalSection(ProjectConfigurationPlatforms) = postSolution
		{F77903FC-FAFB-43CA-BB27-A4138E58E545}.Debug|Any CPU.ActiveCfg = Debug|Any CPU
		{F77903FC-FAFB-43CA-BB27-A4138E58E545}.Debug|Any CPU.Build.0 = Debug|Any CPU
		{F77903FC-FAFB-43CA-BB27-A4138E58E545}.Release|Any CPU.ActiveCfg = Release|Any CPU
		{F77903FC-FAFB-43CA-BB27-A4138E58E545}.Release|Any CPU.Build.0 = Release|Any CPU
	EndGlobalSection
	GlobalSection(SolutionProperties) = preSolution
		HideSolutionNode = FALSE
	EndGlobalSection
	GlobalSection(ExtensibilityGlobals) = postSolution
		SolutionGuid = {6B6FE373-A48C-4679-9FCE-4E4AB61C7677}
	EndGlobalSection
EndGlobal
